
Microsoft Visual Studio Solution File, Format Version 12.00
# Visual Studio Version 16
VisualStudioVersion = 16.0.31205.134
MinimumVisualStudioVersion = 10.0.40219.1
Project("{9A19103F-16F7-4668-BE54-9A1E7A4F7556}") = "hyrule-bank", "hyrule-bank.csproj", "{075B8BFF-545C-45C6-BB95-FF8B54F1A851}"
EndProject
Global
	GlobalSection(SolutionConfigurationPlatforms) = preSolution
		Debug|Any CPU = Debug|Any CPU
		Release|Any CPU = Release|Any CPU
	EndGlobalSection
	GlobalSection(ProjectConfigurationPlatforms) = postSolution
		{075B8BFF-545C-45C6-BB95-FF8B54F1A851}.Debug|Any CPU.ActiveCfg = Debug|Any CPU
		{075B8BFF-545C-45C6-BB95-FF8B54F1A851}.Debug|Any CPU.Build.0 = Debug|Any CPU
		{075B8BFF-545C-45C6-BB95-FF8B54F1A851}.Release|Any CPU.ActiveCfg = Release|Any CPU
		{075B8BFF-545C-45C6-BB95-FF8B54F1A851}.Release|Any CPU.Build.0 = Release|Any CPU
	EndGlobalSection
	GlobalSection(SolutionProperties) = preSolution
		HideSolutionNode = FALSE
	EndGlobalSection
	GlobalSection(ExtensibilityGlobals) = postSolution
		SolutionGuid = {10333FFE-FDE4-44DC-911D-D7DBF281A072}
	EndGlobalSection
EndGlobal
